PODS:
  - ConvenienceKitHaris (0.1.2)
  - Masonry (1.1.0)

DEPENDENCIES:
  - ConvenienceKitHaris (~> 0.1.0)
  - Masonry (~> 1.1.0)

SPEC REPOS:
  https://github.com/cocoapods/specs.git:
    - ConvenienceKitHaris
    - Masonry

SPEC CHECKSUMS:
  ConvenienceKitHaris: ff53bc2ca76c59538f4f31bc9c19c5dd3b3b16ca
  Masonry: 678fab65091a9290e40e2832a55e7ab731aad201

PODFILE CHECKSUM: 70a89b1265aee98511a178590178d48133e36b96

COCOAPODS: 1.7.5
