PODS:
  - ConvenienceKitHaris (0.1.5)
  - Masonry (1.1.0)

DEPENDENCIES:
  - ConvenienceKitHaris (~> 0.1.5)
  - Masonry (~> 1.1.0)

SPEC REPOS:
  trunk:
    - ConvenienceKitHaris
    - Masonry

SPEC CHECKSUMS:
  ConvenienceKitHaris: 0f48bb4a67f9ed3c9b6b2d9e965906485f875666
  Masonry: 678fab65091a9290e40e2832a55e7ab731aad201

PODFILE CHECKSUM: eaffef3b7162513e804ee9f445a1a8c87c1ae46b

COCOAPODS: 1.11.2
