// !$*UTF8*$!
{
	archiveVersion = 1;
	classes = {
	};
	objectVersion = 51;
	objects = {

/* Begin PBXBuildFile section */
		34E9327BF7A19EA83819ED14 /* Pods_BaseFramesDemo.framework in Frameworks */ = {isa = PBXBuildFile; fileRef = 9002A8AA5FD8FCCF5AB1F5D9 /* Pods_BaseFramesDemo.framework */; };
		F31B4A34258F216C004E77B4 /* AppDelegate.m in Sources */ = {isa = PBXBuildFile; fileRef = F31B4A33258F216C004E77B4 /* AppDelegate.m */; };
		F31B4A37258F216C004E77B4 /* SceneDelegate.m in Sources */ = {isa = PBXBuildFile; fileRef = F31B4A36258F216C004E77B4 /* SceneDelegate.m */; };
		F31B4A3F258F216D004E77B4 /* Assets.xcassets in Resources */ = {isa = PBXBuildFile; fileRef = F31B4A3E258F216D004E77B4 /* Assets.xcassets */; };
		F31B4A42258F216D004E77B4 /* LaunchScreen.storyboard in Resources */ = {isa = PBXBuildFile; fileRef = F31B4A40258F216D004E77B4 /* LaunchScreen.storyboard */; };
		F31B4A45258F216D004E77B4 /* main.m in Sources */ = {isa = PBXBuildFile; fileRef = F31B4A44258F216D004E77B4 /* main.m */; };
		F338E15625A3455300763D45 /* AppDelegate+DataCollection.m in Sources */ = {isa = PBXBuildFile; fileRef = F338E15525A3455300763D45 /* AppDelegate+DataCollection.m */; };
		F338E15925A347CC00763D45 /* AppDelegate+ServiceManager.m in Sources */ = {isa = PBXBuildFile; fileRef = F338E15825A347CC00763D45 /* AppDelegate+ServiceManager.m */; };
		F338E15C25A3485C00763D45 /* AppDelegate+LifeCircle.m in Sources */ = {isa = PBXBuildFile; fileRef = F338E15B25A3485C00763D45 /* AppDelegate+LifeCircle.m */; };
		F338E15F25A348AF00763D45 /* AppDelegate+RootController.m in Sources */ = {isa = PBXBuildFile; fileRef = F338E15E25A348AF00763D45 /* AppDelegate+RootController.m */; };
		F3591A8C259B57EE00CF881B /* CustomViewController.m in Sources */ = {isa = PBXBuildFile; fileRef = F3591A8B259B57EE00CF881B /* CustomViewController.m */; };
		F363CABD2ADE96F000DB32F5 /* libStaticLibTools.a in Frameworks */ = {isa = PBXBuildFile; fileRef = F363CABC2ADE96F000DB32F5 /* libStaticLibTools.a */; };
		F3B1D5C72ABC9238002C5E03 /* header_jiantou_mark.png in Resources */ = {isa = PBXBuildFile; fileRef = F3B1D5C22ABC9238002C5E03 /* header_jiantou_mark.png */; };
		F3B1D5C82ABC9238002C5E03 /* header_jiantou_nor.png in Resources */ = {isa = PBXBuildFile; fileRef = F3B1D5C32ABC9238002C5E03 /* header_jiantou_nor.png */; };
		F3B1D5C92ABC9238002C5E03 /* PullDownTableViewCell.m in Sources */ = {isa = PBXBuildFile; fileRef = F3B1D5C52ABC9238002C5E03 /* PullDownTableViewCell.m */; };
		F3B1D5CA2ABC9238002C5E03 /* CustomPullDownTableView.m in Sources */ = {isa = PBXBuildFile; fileRef = F3B1D5C62ABC9238002C5E03 /* CustomPullDownTableView.m */; };
		F3F841C92ADFF139008347C6 /* HarisFirstFramework.framework in Frameworks */ = {isa = PBXBuildFile; fileRef = F3F841C82ADFF139008347C6 /* HarisFirstFramework.framework */; };
/* End PBXBuildFile section */

/* Begin PBXFileReference section */
		88F17B94FC94CA14FCF95578 /* Pods-BaseFramesDemo.release.xcconfig */ = {isa = PBXFileReference; includeInIndex = 1; lastKnownFileType = text.xcconfig; name = "Pods-BaseFramesDemo.release.xcconfig"; path = "Target Support Files/Pods-BaseFramesDemo/Pods-BaseFramesDemo.release.xcconfig"; sourceTree = "<group>"; };
		9002A8AA5FD8FCCF5AB1F5D9 /* Pods_BaseFramesDemo.framework */ = {isa = PBXFileReference; explicitFileType = wrapper.framework; includeInIndex = 0; path = Pods_BaseFramesDemo.framework; sourceTree = BUILT_PRODUCTS_DIR; };
		D5F1A88CACC1BAEFFD69695F /* Pods-BaseFramesDemo.debug.xcconfig */ = {isa = PBXFileReference; includeInIndex = 1; lastKnownFileType = text.xcconfig; name = "Pods-BaseFramesDemo.debug.xcconfig"; path = "Target Support Files/Pods-BaseFramesDemo/Pods-BaseFramesDemo.debug.xcconfig"; sourceTree = "<group>"; };
		F31B4A2F258F216C004E77B4 /* BaseFramesDemo.app */ = {isa = PBXFileReference; explicitFileType = wrapper.application; includeInIndex = 0; path = BaseFramesDemo.app; sourceTree = BUILT_PRODUCTS_DIR; };
		F31B4A32258F216C004E77B4 /* AppDelegate.h */ = {isa = PBXFileReference; lastKnownFileType = sourcecode.c.h; path = AppDelegate.h; sourceTree = "<group>"; };
		F31B4A33258F216C004E77B4 /* AppDelegate.m */ = {isa = PBXFileReference; lastKnownFileType = sourcecode.c.objc; path = AppDelegate.m; sourceTree = "<group>"; };
		F31B4A35258F216C004E77B4 /* SceneDelegate.h */ = {isa = PBXFileReference; lastKnownFileType = sourcecode.c.h; path = SceneDelegate.h; sourceTree = "<group>"; };
		F31B4A36258F216C004E77B4 /* SceneDelegate.m */ = {isa = PBXFileReference; lastKnownFileType = sourcecode.c.objc; path = SceneDelegate.m; sourceTree = "<group>"; };
		F31B4A3E258F216D004E77B4 /* Assets.xcassets */ = {isa = PBXFileReference; lastKnownFileType = folder.assetcatalog; path = Assets.xcassets; sourceTree = "<group>"; };
		F31B4A41258F216D004E77B4 /* Base */ = {isa = PBXFileReference; lastKnownFileType = file.storyboard; name = Base; path = Base.lproj/LaunchScreen.storyboard; sourceTree = "<group>"; };
		F31B4A43258F216D004E77B4 /* Info.plist */ = {isa = PBXFileReference; lastKnownFileType = text.plist.xml; path = Info.plist; sourceTree = "<group>"; };
		F31B4A44258F216D004E77B4 /* main.m */ = {isa = PBXFileReference; lastKnownFileType = sourcecode.c.objc; path = main.m; sourceTree = "<group>"; };
		F338E14D25A2B82C00763D45 /* PCConfig.h */ = {isa = PBXFileReference; lastKnownFileType = sourcecode.c.h; path = PCConfig.h; sourceTree = "<group>"; };
		F338E15125A2F73B00763D45 /* ReadMe.h */ = {isa = PBXFileReference; lastKnownFileType = sourcecode.c.h; path = ReadMe.h; sourceTree = "<group>"; };
		F338E15425A3455300763D45 /* AppDelegate+DataCollection.h */ = {isa = PBXFileReference; lastKnownFileType = sourcecode.c.h; path = "AppDelegate+DataCollection.h"; sourceTree = "<group>"; };
		F338E15525A3455300763D45 /* AppDelegate+DataCollection.m */ = {isa = PBXFileReference; lastKnownFileType = sourcecode.c.objc; path = "AppDelegate+DataCollection.m"; sourceTree = "<group>"; };
		F338E15725A347CC00763D45 /* AppDelegate+ServiceManager.h */ = {isa = PBXFileReference; lastKnownFileType = sourcecode.c.h; path = "AppDelegate+ServiceManager.h"; sourceTree = "<group>"; };
		F338E15825A347CC00763D45 /* AppDelegate+ServiceManager.m */ = {isa = PBXFileReference; lastKnownFileType = sourcecode.c.objc; path = "AppDelegate+ServiceManager.m"; sourceTree = "<group>"; };
		F338E15A25A3485C00763D45 /* AppDelegate+LifeCircle.h */ = {isa = PBXFileReference; lastKnownFileType = sourcecode.c.h; path = "AppDelegate+LifeCircle.h"; sourceTree = "<group>"; };
		F338E15B25A3485C00763D45 /* AppDelegate+LifeCircle.m */ = {isa = PBXFileReference; lastKnownFileType = sourcecode.c.objc; path = "AppDelegate+LifeCircle.m"; sourceTree = "<group>"; };
		F338E15D25A348AF00763D45 /* AppDelegate+RootController.h */ = {isa = PBXFileReference; lastKnownFileType = sourcecode.c.h; path = "AppDelegate+RootController.h"; sourceTree = "<group>"; };
		F338E15E25A348AF00763D45 /* AppDelegate+RootController.m */ = {isa = PBXFileReference; lastKnownFileType = sourcecode.c.objc; path = "AppDelegate+RootController.m"; sourceTree = "<group>"; };
		F3591A8A259B57EE00CF881B /* CustomViewController.h */ = {isa = PBXFileReference; lastKnownFileType = sourcecode.c.h; path = CustomViewController.h; sourceTree = "<group>"; };
		F3591A8B259B57EE00CF881B /* CustomViewController.m */ = {isa = PBXFileReference; lastKnownFileType = sourcecode.c.objc; path = CustomViewController.m; sourceTree = "<group>"; };
		F3591A8E259B777700CF881B /* BatchIntroduceBase.h */ = {isa = PBXFileReference; lastKnownFileType = sourcecode.c.h; path = BatchIntroduceBase.h; sourceTree = "<group>"; };
		F3591A8F259B78EA00CF881B /* BatchIntroduceScene.h */ = {isa = PBXFileReference; lastKnownFileType = sourcecode.c.h; path = BatchIntroduceScene.h; sourceTree = "<group>"; };
		F363CABC2ADE96F000DB32F5 /* libStaticLibTools.a */ = {isa = PBXFileReference; lastKnownFileType = archive.ar; path = libStaticLibTools.a; sourceTree = "<group>"; };
		F363CABE2ADE970100DB32F5 /* StaticLibTools.h */ = {isa = PBXFileReference; fileEncoding = 4; lastKnownFileType = sourcecode.c.h; path = StaticLibTools.h; sourceTree = "<group>"; };
		F3B1D5C02ABC9238002C5E03 /* CustomPullDownTableView.h */ = {isa = PBXFileReference; fileEncoding = 4; lastKnownFileType = sourcecode.c.h; path = CustomPullDownTableView.h; sourceTree = "<group>"; };
		F3B1D5C22ABC9238002C5E03 /* header_jiantou_mark.png */ = {isa = PBXFileReference; lastKnownFileType = image.png; path = header_jiantou_mark.png; sourceTree = "<group>"; };
		F3B1D5C32ABC9238002C5E03 /* header_jiantou_nor.png */ = {isa = PBXFileReference; lastKnownFileType = image.png; path = header_jiantou_nor.png; sourceTree = "<group>"; };
		F3B1D5C42ABC9238002C5E03 /* PullDownTableViewCell.h */ = {isa = PBXFileReference; fileEncoding = 4; lastKnownFileType = sourcecode.c.h; path = PullDownTableViewCell.h; sourceTree = "<group>"; };
		F3B1D5C52ABC9238002C5E03 /* PullDownTableViewCell.m */ = {isa = PBXFileReference; fileEncoding = 4; lastKnownFileType = sourcecode.c.objc; path = PullDownTableViewCell.m; sourceTree = "<group>"; };
		F3B1D5C62ABC9238002C5E03 /* CustomPullDownTableView.m */ = {isa = PBXFileReference; fileEncoding = 4; lastKnownFileType = sourcecode.c.objc; path = CustomPullDownTableView.m; sourceTree = "<group>"; };
		F3CB0B902593820700D330F1 /* BaseFramesDemo-Prefix.pch */ = {isa = PBXFileReference; fileEncoding = 4; lastKnownFileType = sourcecode.c.h; path = "BaseFramesDemo-Prefix.pch"; sourceTree = "<group>"; };
		F3F841C82ADFF139008347C6 /* HarisFirstFramework.framework */ = {isa = PBXFileReference; lastKnownFileType = wrapper.framework; path = HarisFirstFramework.framework; sourceTree = "<group>"; };
/* End PBXFileReference section */

/* Begin PBXFrameworksBuildPhase section */
		F31B4A2C258F216C004E77B4 /* Frameworks */ = {
			isa = PBXFrameworksBuildPhase;
			buildActionMask = 2147483647;
			files = (
				34E9327BF7A19EA83819ED14 /* Pods_BaseFramesDemo.framework in Frameworks */,
				F363CABD2ADE96F000DB32F5 /* libStaticLibTools.a in Frameworks */,
				F3F841C92ADFF139008347C6 /* HarisFirstFramework.framework in Frameworks */,
			);
			runOnlyForDeploymentPostprocessing = 0;
		};
/* End PBXFrameworksBuildPhase section */

/* Begin PBXGroup section */
		4F4512DC2942B902F147A216 /* Frameworks */ = {
			isa = PBXGroup;
			children = (
				9002A8AA5FD8FCCF5AB1F5D9 /* Pods_BaseFramesDemo.framework */,
			);
			name = Frameworks;
			sourceTree = "<group>";
		};
		9D6483CAEAB1207B368B981D /* Pods */ = {
			isa = PBXGroup;
			children = (
				D5F1A88CACC1BAEFFD69695F /* Pods-BaseFramesDemo.debug.xcconfig */,
				88F17B94FC94CA14FCF95578 /* Pods-BaseFramesDemo.release.xcconfig */,
			);
			path = Pods;
			sourceTree = "<group>";
		};
		F31B4A26258F216C004E77B4 = {
			isa = PBXGroup;
			children = (
				F3F841C82ADFF139008347C6 /* HarisFirstFramework.framework */,
				F363CABC2ADE96F000DB32F5 /* libStaticLibTools.a */,
				F363CABE2ADE970100DB32F5 /* StaticLibTools.h */,
				F3CB0B902593820700D330F1 /* BaseFramesDemo-Prefix.pch */,
				F31B4A31258F216C004E77B4 /* BaseFramesDemo */,
				F31B4A30258F216C004E77B4 /* Products */,
				9D6483CAEAB1207B368B981D /* Pods */,
				4F4512DC2942B902F147A216 /* Frameworks */,
			);
			sourceTree = "<group>";
		};
		F31B4A30258F216C004E77B4 /* Products */ = {
			isa = PBXGroup;
			children = (
				F31B4A2F258F216C004E77B4 /* BaseFramesDemo.app */,
			);
			name = Products;
			sourceTree = "<group>";
		};
		F31B4A31258F216C004E77B4 /* BaseFramesDemo */ = {
			isa = PBXGroup;
			children = (
				F31B4A32258F216C004E77B4 /* AppDelegate.h */,
				F31B4A33258F216C004E77B4 /* AppDelegate.m */,
				F31B4A35258F216C004E77B4 /* SceneDelegate.h */,
				F31B4A36258F216C004E77B4 /* SceneDelegate.m */,
				F3B1D5BE2ABC9238002C5E03 /* Other */,
				F338E15325A344CE00763D45 /* AppDelegateEx */,
				F3591A8D259B757D00CF881B /* BatchIntroduceAPI */,
				F3591A89259B579200CF881B /* RootViewController */,
				F3BDD1EC258FB15600A2FE82 /* ProtocolFiles */,
				F3BDD1EB258FB02F00A2FE82 /* PatternsDesign */,
				F3BDD1E5258FAB6E00A2FE82 /* Resource */,
				F3BDD1DE258FAAF400A2FE82 /* BottomSupportLibs */,
				F3BDD1C3258F9EE900A2FE82 /* Class */,
				F3BDD1C2258F9A5700A2FE82 /* Config */,
				F31B4A3E258F216D004E77B4 /* Assets.xcassets */,
				F31B4A40258F216D004E77B4 /* LaunchScreen.storyboard */,
				F31B4A43258F216D004E77B4 /* Info.plist */,
				F31B4A44258F216D004E77B4 /* main.m */,
			);
			path = BaseFramesDemo;
			sourceTree = "<group>";
		};
		F338E15325A344CE00763D45 /* AppDelegateEx */ = {
			isa = PBXGroup;
			children = (
				F338E15425A3455300763D45 /* AppDelegate+DataCollection.h */,
				F338E15525A3455300763D45 /* AppDelegate+DataCollection.m */,
				F338E15725A347CC00763D45 /* AppDelegate+ServiceManager.h */,
				F338E15825A347CC00763D45 /* AppDelegate+ServiceManager.m */,
				F338E15A25A3485C00763D45 /* AppDelegate+LifeCircle.h */,
				F338E15B25A3485C00763D45 /* AppDelegate+LifeCircle.m */,
				F338E15D25A348AF00763D45 /* AppDelegate+RootController.h */,
				F338E15E25A348AF00763D45 /* AppDelegate+RootController.m */,
			);
			path = AppDelegateEx;
			sourceTree = "<group>";
		};
		F3591A89259B579200CF881B /* RootViewController */ = {
			isa = PBXGroup;
			children = (
				F3591A8A259B57EE00CF881B /* CustomViewController.h */,
				F3591A8B259B57EE00CF881B /* CustomViewController.m */,
			);
			path = RootViewController;
			sourceTree = "<group>";
		};
		F3591A8D259B757D00CF881B /* BatchIntroduceAPI */ = {
			isa = PBXGroup;
			children = (
				F3591A8E259B777700CF881B /* BatchIntroduceBase.h */,
				F3591A8F259B78EA00CF881B /* BatchIntroduceScene.h */,
			);
			path = BatchIntroduceAPI;
			sourceTree = "<group>";
		};
		F3B1D5BE2ABC9238002C5E03 /* Other */ = {
			isa = PBXGroup;
			children = (
				F3B1D5BF2ABC9238002C5E03 /* PullDownTableView */,
			);
			path = Other;
			sourceTree = "<group>";
		};
		F3B1D5BF2ABC9238002C5E03 /* PullDownTableView */ = {
			isa = PBXGroup;
			children = (
				F3B1D5C02ABC9238002C5E03 /* CustomPullDownTableView.h */,
				F3B1D5C62ABC9238002C5E03 /* CustomPullDownTableView.m */,
				F3B1D5C12ABC9238002C5E03 /* LevelOneTableViewCell */,
			);
			path = PullDownTableView;
			sourceTree = "<group>";
		};
		F3B1D5C12ABC9238002C5E03 /* LevelOneTableViewCell */ = {
			isa = PBXGroup;
			children = (
				F3B1D5C22ABC9238002C5E03 /* header_jiantou_mark.png */,
				F3B1D5C32ABC9238002C5E03 /* header_jiantou_nor.png */,
				F3B1D5C42ABC9238002C5E03 /* PullDownTableViewCell.h */,
				F3B1D5C52ABC9238002C5E03 /* PullDownTableViewCell.m */,
			);
			path = LevelOneTableViewCell;
			sourceTree = "<group>";
		};
		F3BDD1C2258F9A5700A2FE82 /* Config */ = {
			isa = PBXGroup;
			children = (
				F338E14D25A2B82C00763D45 /* PCConfig.h */,
				F338E15125A2F73B00763D45 /* ReadMe.h */,
			);
			path = Config;
			sourceTree = "<group>";
		};
		F3BDD1C3258F9EE900A2FE82 /* Class */ = {
			isa = PBXGroup;
			children = (
				F3BDD1D8258FA5CE00A2FE82 /* FiveModule */,
				F3BDD1C4258F9EE900A2FE82 /* TwoModule */,
				F3BDD1C9258F9EE900A2FE82 /* FourModule */,
				F3BDD1CE258F9EE900A2FE82 /* OneModule */,
				F3BDD1D3258F9EE900A2FE82 /* ThreeModule */,
			);
			path = Class;
			sourceTree = "<group>";
		};
		F3BDD1C4258F9EE900A2FE82 /* TwoModule */ = {
			isa = PBXGroup;
			children = (
				F3BDD1C5258F9EE900A2FE82 /* Others */,
				F3BDD1C6258F9EE900A2FE82 /* Models */,
				F3BDD1C7258F9EE900A2FE82 /* Controllers */,
				F3BDD1C8258F9EE900A2FE82 /* Views */,
			);
			path = TwoModule;
			sourceTree = "<group>";
		};
		F3BDD1C5258F9EE900A2FE82 /* Others */ = {
			isa = PBXGroup;
			children = (
			);
			path = Others;
			sourceTree = "<group>";
		};
		F3BDD1C6258F9EE900A2FE82 /* Models */ = {
			isa = PBXGroup;
			children = (
			);
			path = Models;
			sourceTree = "<group>";
		};
		F3BDD1C7258F9EE900A2FE82 /* Controllers */ = {
			isa = PBXGroup;
			children = (
			);
			path = Controllers;
			sourceTree = "<group>";
		};
		F3BDD1C8258F9EE900A2FE82 /* Views */ = {
			isa = PBXGroup;
			children = (
			);
			path = Views;
			sourceTree = "<group>";
		};
		F3BDD1C9258F9EE900A2FE82 /* FourModule */ = {
			isa = PBXGroup;
			children = (
				F3BDD1CA258F9EE900A2FE82 /* Others */,
				F3BDD1CB258F9EE900A2FE82 /* Models */,
				F3BDD1CC258F9EE900A2FE82 /* Controllers */,
				F3BDD1CD258F9EE900A2FE82 /* Views */,
			);
			path = FourModule;
			sourceTree = "<group>";
		};
		F3BDD1CA258F9EE900A2FE82 /* Others */ = {
			isa = PBXGroup;
			children = (
			);
			path = Others;
			sourceTree = "<group>";
		};
		F3BDD1CB258F9EE900A2FE82 /* Models */ = {
			isa = PBXGroup;
			children = (
			);
			path = Models;
			sourceTree = "<group>";
		};
		F3BDD1CC258F9EE900A2FE82 /* Controllers */ = {
			isa = PBXGroup;
			children = (
			);
			path = Controllers;
			sourceTree = "<group>";
		};
		F3BDD1CD258F9EE900A2FE82 /* Views */ = {
			isa = PBXGroup;
			children = (
			);
			path = Views;
			sourceTree = "<group>";
		};
		F3BDD1CE258F9EE900A2FE82 /* OneModule */ = {
			isa = PBXGroup;
			children = (
				F3BDD1CF258F9EE900A2FE82 /* Others */,
				F3BDD1D0258F9EE900A2FE82 /* Models */,
				F3BDD1D1258F9EE900A2FE82 /* Controllers */,
				F3BDD1D2258F9EE900A2FE82 /* Views */,
			);
			path = OneModule;
			sourceTree = "<group>";
		};
		F3BDD1CF258F9EE900A2FE82 /* Others */ = {
			isa = PBXGroup;
			children = (
			);
			path = Others;
			sourceTree = "<group>";
		};
		F3BDD1D0258F9EE900A2FE82 /* Models */ = {
			isa = PBXGroup;
			children = (
			);
			path = Models;
			sourceTree = "<group>";
		};
		F3BDD1D1258F9EE900A2FE82 /* Controllers */ = {
			isa = PBXGroup;
			children = (
			);
			path = Controllers;
			sourceTree = "<group>";
		};
		F3BDD1D2258F9EE900A2FE82 /* Views */ = {
			isa = PBXGroup;
			children = (
			);
			path = Views;
			sourceTree = "<group>";
		};
		F3BDD1D3258F9EE900A2FE82 /* ThreeModule */ = {
			isa = PBXGroup;
			children = (
				F3BDD1D4258F9EE900A2FE82 /* Others */,
				F3BDD1D5258F9EE900A2FE82 /* Models */,
				F3BDD1D6258F9EE900A2FE82 /* Controllers */,
				F3BDD1D7258F9EE900A2FE82 /* Views */,
			);
			path = ThreeModule;
			sourceTree = "<group>";
		};
		F3BDD1D4258F9EE900A2FE82 /* Others */ = {
			isa = PBXGroup;
			children = (
			);
			path = Others;
			sourceTree = "<group>";
		};
		F3BDD1D5258F9EE900A2FE82 /* Models */ = {
			isa = PBXGroup;
			children = (
			);
			path = Models;
			sourceTree = "<group>";
		};
		F3BDD1D6258F9EE900A2FE82 /* Controllers */ = {
			isa = PBXGroup;
			children = (
			);
			path = Controllers;
			sourceTree = "<group>";
		};
		F3BDD1D7258F9EE900A2FE82 /* Views */ = {
			isa = PBXGroup;
			children = (
			);
			path = Views;
			sourceTree = "<group>";
		};
		F3BDD1D8258FA5CE00A2FE82 /* FiveModule */ = {
			isa = PBXGroup;
			children = (
				F3BDD1D9258FA5CE00A2FE82 /* ViewModels */,
				F3BDD1DA258FA5CE00A2FE82 /* Others */,
				F3BDD1DB258FA5CE00A2FE82 /* Models */,
				F3BDD1DC258FA5CE00A2FE82 /* Controllers */,
				F3BDD1DD258FA5CE00A2FE82 /* Views */,
			);
			path = FiveModule;
			sourceTree = "<group>";
		};
		F3BDD1D9258FA5CE00A2FE82 /* ViewModels */ = {
			isa = PBXGroup;
			children = (
			);
			path = ViewModels;
			sourceTree = "<group>";
		};
		F3BDD1DA258FA5CE00A2FE82 /* Others */ = {
			isa = PBXGroup;
			children = (
			);
			path = Others;
			sourceTree = "<group>";
		};
		F3BDD1DB258FA5CE00A2FE82 /* Models */ = {
			isa = PBXGroup;
			children = (
			);
			path = Models;
			sourceTree = "<group>";
		};
		F3BDD1DC258FA5CE00A2FE82 /* Controllers */ = {
			isa = PBXGroup;
			children = (
			);
			path = Controllers;
			sourceTree = "<group>";
		};
		F3BDD1DD258FA5CE00A2FE82 /* Views */ = {
			isa = PBXGroup;
			children = (
			);
			path = Views;
			sourceTree = "<group>";
		};
		F3BDD1DE258FAAF400A2FE82 /* BottomSupportLibs */ = {
			isa = PBXGroup;
			children = (
				F3BDD1DF258FAAF400A2FE82 /* ThirdPartyLibs */,
				F3BDD1E0258FAAF400A2FE82 /* SystemLibs */,
				F3BDD1E1258FAAF400A2FE82 /* GeneralToolLibs */,
				F3BDD1E2258FAAF400A2FE82 /* CustomLibs */,
				F3BDD1E3258FAAF400A2FE82 /* CompanyToolLibs */,
				F3BDD1E4258FAAF400A2FE82 /* ServerLibs */,
			);
			path = BottomSupportLibs;
			sourceTree = "<group>";
		};
		F3BDD1DF258FAAF400A2FE82 /* ThirdPartyLibs */ = {
			isa = PBXGroup;
			children = (
			);
			path = ThirdPartyLibs;
			sourceTree = "<group>";
		};
		F3BDD1E0258FAAF400A2FE82 /* SystemLibs */ = {
			isa = PBXGroup;
			children = (
			);
			path = SystemLibs;
			sourceTree = "<group>";
		};
		F3BDD1E1258FAAF400A2FE82 /* GeneralToolLibs */ = {
			isa = PBXGroup;
			children = (
			);
			path = GeneralToolLibs;
			sourceTree = "<group>";
		};
		F3BDD1E2258FAAF400A2FE82 /* CustomLibs */ = {
			isa = PBXGroup;
			children = (
			);
			path = CustomLibs;
			sourceTree = "<group>";
		};
		F3BDD1E3258FAAF400A2FE82 /* CompanyToolLibs */ = {
			isa = PBXGroup;
			children = (
			);
			path = CompanyToolLibs;
			sourceTree = "<group>";
		};
		F3BDD1E4258FAAF400A2FE82 /* ServerLibs */ = {
			isa = PBXGroup;
			children = (
			);
			path = ServerLibs;
			sourceTree = "<group>";
		};
		F3BDD1E5258FAB6E00A2FE82 /* Resource */ = {
			isa = PBXGroup;
			children = (
				F3BDD1E6258FAD3C00A2FE82 /* Audios */,
				F3BDD1E7258FAD3C00A2FE82 /* Images */,
				F3BDD1E8258FAD3C00A2FE82 /* Vidios */,
			);
			path = Resource;
			sourceTree = "<group>";
		};
		F3BDD1E6258FAD3C00A2FE82 /* Audios */ = {
			isa = PBXGroup;
			children = (
			);
			path = Audios;
			sourceTree = "<group>";
		};
		F3BDD1E7258FAD3C00A2FE82 /* Images */ = {
			isa = PBXGroup;
			children = (
			);
			path = Images;
			sourceTree = "<group>";
		};
		F3BDD1E8258FAD3C00A2FE82 /* Vidios */ = {
			isa = PBXGroup;
			children = (
			);
			path = Vidios;
			sourceTree = "<group>";
		};
		F3BDD1EB258FB02F00A2FE82 /* PatternsDesign */ = {
			isa = PBXGroup;
			children = (
			);
			path = PatternsDesign;
			sourceTree = "<group>";
		};
		F3BDD1EC258FB15600A2FE82 /* ProtocolFiles */ = {
			isa = PBXGroup;
			children = (
			);
			path = ProtocolFiles;
			sourceTree = "<group>";
		};
/* End PBXGroup section */

/* Begin PBXNativeTarget section */
		F31B4A2E258F216C004E77B4 /* BaseFramesDemo */ = {
			isa = PBXNativeTarget;
			buildConfigurationList = F31B4A48258F216D004E77B4 /* Build configuration list for PBXNativeTarget "BaseFramesDemo" */;
			buildPhases = (
				F6A7416D699D7F77E27C60D6 /* [CP] Check Pods Manifest.lock */,
				F31B4A2B258F216C004E77B4 /* Sources */,
				F31B4A2C258F216C004E77B4 /* Frameworks */,
				F31B4A2D258F216C004E77B4 /* Resources */,
				77C8624D30C4849B778D8552 /* [CP] Embed Pods Frameworks */,
			);
			buildRules = (
			);
			dependencies = (
			);
			name = BaseFramesDemo;
			productName = BaseFramesDemo;
			productReference = F31B4A2F258F216C004E77B4 /* BaseFramesDemo.app */;
			productType = "com.apple.product-type.application";
		};
/* End PBXNativeTarget section */

/* Begin PBXProject section */
		F31B4A27258F216C004E77B4 /* Project object */ = {
			isa = PBXProject;
			attributes = {
				LastUpgradeCheck = 1320;
				ORGANIZATIONNAME = haijunyan;
				TargetAttributes = {
					F31B4A2E258F216C004E77B4 = {
						CreatedOnToolsVersion = 11.6;
					};
				};
			};
			buildConfigurationList = F31B4A2A258F216C004E77B4 /* Build configuration list for PBXProject "BaseFramesDemo" */;
			compatibilityVersion = "Xcode 9.3";
			developmentRegion = en;
			hasScannedForEncodings = 0;
			knownRegions = (
				en,
				Base,
			);
			mainGroup = F31B4A26258F216C004E77B4;
			productRefGroup = F31B4A30258F216C004E77B4 /* Products */;
			projectDirPath = "";
			projectRoot = "";
			targets = (
				F31B4A2E258F216C004E77B4 /* BaseFramesDemo */,
			);
		};
/* End PBXProject section */

/* Begin PBXResourcesBuildPhase section */
		F31B4A2D258F216C004E77B4 /* Resources */ = {
			isa = PBXResourcesBuildPhase;
			buildActionMask = 2147483647;
			files = (
				F3B1D5C72ABC9238002C5E03 /* header_jiantou_mark.png in Resources */,
				F3B1D5C82ABC9238002C5E03 /* header_jiantou_nor.png in Resources */,
				F31B4A42258F216D004E77B4 /* LaunchScreen.storyboard in Resources */,
				F31B4A3F258F216D004E77B4 /* Assets.xcassets in Resources */,
			);
			runOnlyForDeploymentPostprocessing = 0;
		};
/* End PBXResourcesBuildPhase section */

/* Begin PBXShellScriptBuildPhase section */
		77C8624D30C4849B778D8552 /* [CP] Embed Pods Frameworks */ = {
			isa = PBXShellScriptBuildPhase;
			buildActionMask = 2147483647;
			files = (
			);
			inputFileListPaths = (
				"${PODS_ROOT}/Target Support Files/Pods-BaseFramesDemo/Pods-BaseFramesDemo-frameworks-${CONFIGURATION}-input-files.xcfilelist",
			);
			name = "[CP] Embed Pods Frameworks";
			outputFileListPaths = (
				"${PODS_ROOT}/Target Support Files/Pods-BaseFramesDemo/Pods-BaseFramesDemo-frameworks-${CONFIGURATION}-output-files.xcfilelist",
			);
			runOnlyForDeploymentPostprocessing = 0;
			shellPath = /bin/sh;
			shellScript = "\"${PODS_ROOT}/Target Support Files/Pods-BaseFramesDemo/Pods-BaseFramesDemo-frameworks.sh\"\n";
			showEnvVarsInLog = 0;
		};
		F6A7416D699D7F77E27C60D6 /* [CP] Check Pods Manifest.lock */ = {
			isa = PBXShellScriptBuildPhase;
			buildActionMask = 2147483647;
			files = (
			);
			inputFileListPaths = (
			);
			inputPaths = (
				"${PODS_PODFILE_DIR_PATH}/Podfile.lock",
				"${PODS_ROOT}/Manifest.lock",
			);
			name = "[CP] Check Pods Manifest.lock";
			outputFileListPaths = (
			);
			outputPaths = (
				"$(DERIVED_FILE_DIR)/Pods-BaseFramesDemo-checkManifestLockResult.txt",
			);
			runOnlyForDeploymentPostprocessing = 0;
			shellPath = /bin/sh;
			shellScript = "diff \"${PODS_PODFILE_DIR_PATH}/Podfile.lock\" \"${PODS_ROOT}/Manifest.lock\" > /dev/null\nif [ $? != 0 ] ; then\n    # print error to STDERR\n    echo \"error: The sandbox is not in sync with the Podfile.lock. Run 'pod install' or update your CocoaPods installation.\" >&2\n    exit 1\nfi\n# This output is used by Xcode 'outputs' to avoid re-running this script phase.\necho \"SUCCESS\" > \"${SCRIPT_OUTPUT_FILE_0}\"\n";
			showEnvVarsInLog = 0;
		};
/* End PBXShellScriptBuildPhase section */

/* Begin PBXSourcesBuildPhase section */
		F31B4A2B258F216C004E77B4 /* Sources */ = {
			isa = PBXSourcesBuildPhase;
			buildActionMask = 2147483647;
			files = (
				F31B4A34258F216C004E77B4 /* AppDelegate.m in Sources */,
				F31B4A45258F216D004E77B4 /* main.m in Sources */,
				F31B4A37258F216C004E77B4 /* SceneDelegate.m in Sources */,
				F3B1D5CA2ABC9238002C5E03 /* CustomPullDownTableView.m in Sources */,
				F3B1D5C92ABC9238002C5E03 /* PullDownTableViewCell.m in Sources */,
				F338E15625A3455300763D45 /* AppDelegate+DataCollection.m in Sources */,
				F338E15C25A3485C00763D45 /* AppDelegate+LifeCircle.m in Sources */,
				F338E15925A347CC00763D45 /* AppDelegate+ServiceManager.m in Sources */,
				F338E15F25A348AF00763D45 /* AppDelegate+RootController.m in Sources */,
				F3591A8C259B57EE00CF881B /* CustomViewController.m in Sources */,
			);
			runOnlyForDeploymentPostprocessing = 0;
		};
/* End PBXSourcesBuildPhase section */

/* Begin PBXVariantGroup section */
		F31B4A40258F216D004E77B4 /* LaunchScreen.storyboard */ = {
			isa = PBXVariantGroup;
			children = (
				F31B4A41258F216D004E77B4 /* Base */,
			);
			name = LaunchScreen.storyboard;
			sourceTree = "<group>";
		};
/* End PBXVariantGroup section */

/* Begin XCBuildConfiguration section */
		F31B4A46258F216D004E77B4 /* Debug */ = {
			isa = XCBuildConfiguration;
			buildSettings = {
				ALWAYS_SEARCH_USER_PATHS = NO;
				CLANG_ANALYZER_NONNULL = YES;
				CLANG_ANALYZER_NUMBER_OBJECT_CONVERSION = YES_AGGRESSIVE;
				CLANG_CXX_LANGUAGE_STANDARD = "gnu++14";
				CLANG_CXX_LIBRARY = "libc++";
				CLANG_ENABLE_MODULES = YES;
				CLANG_ENABLE_OBJC_ARC = YES;
				CLANG_ENABLE_OBJC_WEAK = YES;
				CLANG_WARN_BLOCK_CAPTURE_AUTORELEASING = YES;
				CLANG_WARN_BOOL_CONVERSION = YES;
				CLANG_WARN_COMMA = YES;
				CLANG_WARN_CONSTANT_CONVERSION = YES;
				CLANG_WARN_DEPRECATED_OBJC_IMPLEMENTATIONS = YES;
				CLANG_WARN_DIRECT_OBJC_ISA_USAGE = YES_ERROR;
				CLANG_WARN_DOCUMENTATION_COMMENTS = YES;
				CLANG_WARN_EMPTY_BODY = YES;
				CLANG_WARN_ENUM_CONVERSION = YES;
				CLANG_WARN_INFINITE_RECURSION = YES;
				CLANG_WARN_INT_CONVERSION = YES;
				CLANG_WARN_NON_LITERAL_NULL_CONVERSION = YES;
				CLANG_WARN_OBJC_IMPLICIT_RETAIN_SELF = YES;
				CLANG_WARN_OBJC_LITERAL_CONVERSION = YES;
				CLANG_WARN_OBJC_ROOT_CLASS = YES_ERROR;
				CLANG_WARN_QUOTED_INCLUDE_IN_FRAMEWORK_HEADER = YES;
				CLANG_WARN_RANGE_LOOP_ANALYSIS = YES;
				CLANG_WARN_STRICT_PROTOTYPES = YES;
				CLANG_WARN_SUSPICIOUS_MOVE = YES;
				CLANG_WARN_UNGUARDED_AVAILABILITY = YES_AGGRESSIVE;
				CLANG_WARN_UNREACHABLE_CODE = YES;
				CLANG_WARN__DUPLICATE_METHOD_MATCH = YES;
				COPY_PHASE_STRIP = NO;
				DEBUG_INFORMATION_FORMAT = dwarf;
				ENABLE_STRICT_OBJC_MSGSEND = YES;
				ENABLE_TESTABILITY = YES;
				GCC_C_LANGUAGE_STANDARD = gnu11;
				GCC_DYNAMIC_NO_PIC = NO;
				GCC_NO_COMMON_BLOCKS = YES;
				GCC_OPTIMIZATION_LEVEL = 0;
				GCC_PREPROCESSOR_DEFINITIONS = (
					"DEBUG=1",
					"$(inherited)",
				);
				GCC_WARN_64_TO_32_BIT_CONVERSION = YES;
				GCC_WARN_ABOUT_RETURN_TYPE = YES_ERROR;
				GCC_WARN_UNDECLARED_SELECTOR = YES;
				GCC_WARN_UNINITIALIZED_AUTOS = YES_AGGRESSIVE;
				GCC_WARN_UNUSED_FUNCTION = YES;
				GCC_WARN_UNUSED_VARIABLE = YES;
				IPHONEOS_DEPLOYMENT_TARGET = 13.6;
				MTL_ENABLE_DEBUG_INFO = INCLUDE_SOURCE;
				MTL_FAST_MATH = YES;
				ONLY_ACTIVE_ARCH = YES;
				SDKROOT = iphoneos;
			};
			name = Debug;
		};
		F31B4A47258F216D004E77B4 /* Release */ = {
			isa = XCBuildConfiguration;
			buildSettings = {
				ALWAYS_SEARCH_USER_PATHS = NO;
				CLANG_ANALYZER_NONNULL = YES;
				CLANG_ANALYZER_NUMBER_OBJECT_CONVERSION = YES_AGGRESSIVE;
				CLANG_CXX_LANGUAGE_STANDARD = "gnu++14";
				CLANG_CXX_LIBRARY = "libc++";
				CLANG_ENABLE_MODULES = YES;
				CLANG_ENABLE_OBJC_ARC = YES;
				CLANG_ENABLE_OBJC_WEAK = YES;
				CLANG_WARN_BLOCK_CAPTURE_AUTORELEASING = YES;
				CLANG_WARN_BOOL_CONVERSION = YES;
				CLANG_WARN_COMMA = YES;
				CLANG_WARN_CONSTANT_CONVERSION = YES;
				CLANG_WARN_DEPRECATED_OBJC_IMPLEMENTATIONS = YES;
				CLANG_WARN_DIRECT_OBJC_ISA_USAGE = YES_ERROR;
				CLANG_WARN_DOCUMENTATION_COMMENTS = YES;
				CLANG_WARN_EMPTY_BODY = YES;
				CLANG_WARN_ENUM_CONVERSION = YES;
				CLANG_WARN_INFINITE_RECURSION = YES;
				CLANG_WARN_INT_CONVERSION = YES;
				CLANG_WARN_NON_LITERAL_NULL_CONVERSION = YES;
				CLANG_WARN_OBJC_IMPLICIT_RETAIN_SELF = YES;
				CLANG_WARN_OBJC_LITERAL_CONVERSION = YES;
				CLANG_WARN_OBJC_ROOT_CLASS = YES_ERROR;
				CLANG_WARN_QUOTED_INCLUDE_IN_FRAMEWORK_HEADER = YES;
				CLANG_WARN_RANGE_LOOP_ANALYSIS = YES;
				CLANG_WARN_STRICT_PROTOTYPES = YES;
				CLANG_WARN_SUSPICIOUS_MOVE = YES;
				CLANG_WARN_UNGUARDED_AVAILABILITY = YES_AGGRESSIVE;
				CLANG_WARN_UNREACHABLE_CODE = YES;
				CLANG_WARN__DUPLICATE_METHOD_MATCH = YES;
				COPY_PHASE_STRIP = NO;
				DEBUG_INFORMATION_FORMAT = "dwarf-with-dsym";
				ENABLE_NS_ASSERTIONS = NO;
				ENABLE_STRICT_OBJC_MSGSEND = YES;
				GCC_C_LANGUAGE_STANDARD = gnu11;
				GCC_NO_COMMON_BLOCKS = YES;
				GCC_WARN_64_TO_32_BIT_CONVERSION = YES;
				GCC_WARN_ABOUT_RETURN_TYPE = YES_ERROR;
				GCC_WARN_UNDECLARED_SELECTOR = YES;
				GCC_WARN_UNINITIALIZED_AUTOS = YES_AGGRESSIVE;
				GCC_WARN_UNUSED_FUNCTION = YES;
				GCC_WARN_UNUSED_VARIABLE = YES;
				IPHONEOS_DEPLOYMENT_TARGET = 13.6;
				MTL_ENABLE_DEBUG_INFO = NO;
				MTL_FAST_MATH = YES;
				SDKROOT = iphoneos;
				VALIDATE_PRODUCT = YES;
			};
			name = Release;
		};
		F31B4A49258F216D004E77B4 /* Debug */ = {
			isa = XCBuildConfiguration;
			baseConfigurationReference = D5F1A88CACC1BAEFFD69695F /* Pods-BaseFramesDemo.debug.xcconfig */;
			buildSettings = {
				ALWAYS_SEARCH_USER_PATHS = YES;
				ASSETCATALOG_COMPILER_APPICON_NAME = AppIcon;
				CODE_SIGN_STYLE = Automatic;
				DEVELOPMENT_TEAM = NCL9H5966U;
				ENABLE_BITCODE = NO;
				FRAMEWORK_SEARCH_PATHS = (
					"$(inherited)",
					"$(PROJECT_DIR)",
				);
				GCC_PREFIX_HEADER = "BaseFramesDemo-Prefix.pch";
				INFOPLIST_FILE = BaseFramesDemo/Info.plist;
				IPHONEOS_DEPLOYMENT_TARGET = 12.0;
				LD_RUNPATH_SEARCH_PATHS = (
					"$(inherited)",
					"@executable_path/Frameworks",
				);
				LIBRARY_SEARCH_PATHS = (
					"$(inherited)",
					"$(PROJECT_DIR)",
				);
				PRODUCT_BUNDLE_IDENTIFIER = haijunyan.BaseFramesDemo;
				PRODUCT_NAME = "$(TARGET_NAME)";
				TARGETED_DEVICE_FAMILY = "1,2";
			};
			name = Debug;
		};
		F31B4A4A258F216D004E77B4 /* Release */ = {
			isa = XCBuildConfiguration;
			baseConfigurationReference = 88F17B94FC94CA14FCF95578 /* Pods-BaseFramesDemo.release.xcconfig */;
			buildSettings = {
				ALWAYS_SEARCH_USER_PATHS = YES;
				ASSETCATALOG_COMPILER_APPICON_NAME = AppIcon;
				CODE_SIGN_STYLE = Automatic;
				DEVELOPMENT_TEAM = NCL9H5966U;
				ENABLE_BITCODE = NO;
				FRAMEWORK_SEARCH_PATHS = (
					"$(inherited)",
					"$(PROJECT_DIR)",
				);
				GCC_PREFIX_HEADER = "BaseFramesDemo-Prefix.pch";
				INFOPLIST_FILE = BaseFramesDemo/Info.plist;
				IPHONEOS_DEPLOYMENT_TARGET = 12.0;
				LD_RUNPATH_SEARCH_PATHS = (
					"$(inherited)",
					"@executable_path/Frameworks",
				);
				LIBRARY_SEARCH_PATHS = (
					"$(inherited)",
					"$(PROJECT_DIR)",
				);
				PRODUCT_BUNDLE_IDENTIFIER = haijunyan.BaseFramesDemo;
				PRODUCT_NAME = "$(TARGET_NAME)";
				TARGETED_DEVICE_FAMILY = "1,2";
			};
			name = Release;
		};
/* End XCBuildConfiguration section */

/* Begin XCConfigurationList section */
		F31B4A2A258F216C004E77B4 /* Build configuration list for PBXProject "BaseFramesDemo" */ = {
			isa = XCConfigurationList;
			buildConfigurations = (
				F31B4A46258F216D004E77B4 /* Debug */,
				F31B4A47258F216D004E77B4 /* Release */,
			);
			defaultConfigurationIsVisible = 0;
			defaultConfigurationName = Release;
		};
		F31B4A48258F216D004E77B4 /* Build configuration list for PBXNativeTarget "BaseFramesDemo" */ = {
			isa = XCConfigurationList;
			buildConfigurations = (
				F31B4A49258F216D004E77B4 /* Debug */,
				F31B4A4A258F216D004E77B4 /* Release */,
			);
			defaultConfigurationIsVisible = 0;
			defaultConfigurationName = Release;
		};
/* End XCConfigurationList section */
	};
	rootObject = F31B4A27258F216C004E77B4 /* Project object */;
}
